// !$*UTF8*$!
{
	archiveVersion = 1;
	classes = {
	};
	objectVersion = 77;
	objects = {

/* Begin PBXContainerItemProxy section */
		195AEC822EBA6B8C00293041 /* PBXContainerItemProxy */ = {
			isa = PBXContainerItemProxy;
			containerPortal = 195AEC6C2EBA6B8B00293041 /* Project object */;
			proxyType = 1;
			remoteGlobalIDString = 195AEC732EBA6B8B00293041;
			remoteInfo = Togethr;
		};
		195AEC8C2EBA6B8C00293041 /* PBXContainerItemProxy */ = {
			isa = PBXContainerItemProxy;
			containerPortal = 195AEC6C2EBA6B8B00293041 /* Project object */;
			proxyType = 1;
			remoteGlobalIDString = 195AEC732EBA6B8B00293041;
			remoteInfo = Togethr;
		};
/* End PBXContainerItemProxy section */

/* Begin PBXFileReference section */
		195AEC742EBA6B8B00293041 /* Togethr.app */ = {isa = PBXFileReference; explicitFileType = wrapper.application; includeInIndex = 0; path = Togethr.app; sourceTree = BUILT_PRODUCTS_DIR; };
		195AEC812EBA6B8C00293041 /* TogethrTests.xctest */ = {isa = PBXFileReference; explicitFileType = wrapper.cfbundle; includeInIndex = 0; path = TogethrTests.xctest; sourceTree = BUILT_PRODUCTS_DIR; };
		195AEC8B2EBA6B8C00293041 /* TogethrUITests.xctest */ = {isa = PBXFileReference; explicitFileType = wrapper.cfbundle; includeInIndex = 0; path = TogethrUITests.xctest; sourceTree = BUILT_PRODUCTS_DIR; };
/* End PBXFileReference section */

/* Begin PBXFileSystemSynchronizedRootGroup section */
		195AEC762EBA6B8B00293041 /* Togethr */ = {
			isa = PBXFileSystemSynchronizedRootGroup;
			path = Togethr;
			sourceTree = "<group>";
		};
		195AEC842EBA6B8C00293041 /* TogethrTests */ = {
			isa = PBXFileSystemSynchronizedRootGroup;
			path = TogethrTests;
			sourceTree = "<group>";
		};
		195AEC8E2EBA6B8C00293041 /* TogethrUITests */ = {
			isa = PBXFileSystemSynchronizedRootGroup;
			path = TogethrUITests;
			sourceTree = "<group>";
		};
/* End PBXFileSystemSynchronizedRootGroup section */

/* Begin PBXFrameworksBuildPhase section */
		195AEC712EBA6B8B00293041 /* Frameworks */ = {
			isa = PBXFrameworksBuildPhase;
			buildActionMask = 2147483647;
			files = (
			);
			runOnlyForDeploymentPostprocessing = 0;
		};
		195AEC7E2EBA6B8C00293041 /* Frameworks */ = {
			isa = PBXFrameworksBuildPhase;
			buildActionMask = 2147483647;
			files = (
			);
			runOnlyForDeploymentPostprocessing = 0;
		};
		195AEC882EBA6B8C00293041 /* Frameworks */ = {
			isa = PBXFrameworksBuildPhase;
			buildActionMask = 2147483647;
			files = (
			);
			runOnlyForDeploymentPostprocessing = 0;
		};
/* End PBXFrameworksBuildPhase section */

/* Begin PBXGroup section */
		195AEC6B2EBA6B8B00293041 = {
			isa = PBXGroup;
			children = (
				195AEC762EBA6B8B00293041 /* Togethr */,
				195AEC842EBA6B8C00293041 /* TogethrTests */,
				195AEC8E2EBA6B8C00293041 /* TogethrUITests */,
				195AEC752EBA6B8B00293041 /* Products */,
			);
			sourceTree = "<group>";
		};
		195AEC752EBA6B8B00293041 /* Products */ = {
			isa = PBXGroup;
			children = (
				195AEC742EBA6B8B00293041 /* Togethr.app */,
				195AEC812EBA6B8C00293041 /* TogethrTests.xctest */,
				195AEC8B2EBA6B8C00293041 /* TogethrUITests.xctest */,
			);
			name = Products;
			sourceTree = "<group>";
		};
/* End PBXGroup section */

/* Begin PBXNativeTarget section */
		195AEC732EBA6B8B00293041 /* Togethr */ = {
			isa = PBXNativeTarget;
			buildConfigurationList = 195AEC952EBA6B8C00293041 /* Build configuration list for PBXNativeTarget "Togethr" */;
			buildPhases = (
				195AEC702EBA6B8B00293041 /* Sources */,
				195AEC712EBA6B8B00293041 /* Frameworks */,
				195AEC722EBA6B8B00293041 /* Resources */,
			);
			buildRules = (
			);
			dependencies = (
			);
			fileSystemSynchronizedGroups = (
				195AEC762EBA6B8B00293041 /* Togethr */,
			);
			name = Togethr;
			packageProductDependencies = (
			);
			productName = Togethr;
			productReference = 195AEC742EBA6B8B00293041 /* Togethr.app */;
			productType = "com.apple.product-type.application";
		};
		195AEC802EBA6B8C00293041 /* TogethrTests */ = {
			isa = PBXNativeTarget;
			buildConfigurationList = 195AEC982EBA6B8C00293041 /* Build configuration list for PBXNativeTarget "TogethrTests" */;
			buildPhases = (
				195AEC7D2EBA6B8C00293041 /* Sources */,
				195AEC7E2EBA6B8C00293041 /* Frameworks */,
				195AEC7F2EBA6B8C00293041 /* Resources */,
			);
			buildRules = (
			);
			dependencies = (
				195AEC832EBA6B8C00293041 /* PBXTargetDependency */,
			);
			fileSystemSynchronizedGroups = (
				195AEC842EBA6B8C00293041 /* TogethrTests */,
			);
			name = TogethrTests;
			packageProductDependencies = (
			);
			productName = TogethrTests;
			productReference = 195AEC812EBA6B8C00293041 /* TogethrTests.xctest */;
			productType = "com.apple.product-type.bundle.unit-test";
		};
		195AEC8A2EBA6B8C00293041 /* TogethrUITests */ = {
			isa = PBXNativeTarget;
			buildConfigurationList = 195AEC9B2EBA6B8C00293041 /* Build configuration list for PBXNativeTarget "TogethrUITests" */;
			buildPhases = (
				195AEC872EBA6B8C00293041 /* Sources */,
				195AEC882EBA6B8C00293041 /* Frameworks */,
				195AEC892EBA6B8C00293041 /* Resources */,
			);
			buildRules = (
			);
			dependencies = (
				195AEC8D2EBA6B8C00293041 /* PBXTargetDependency */,
			);
			fileSystemSynchronizedGroups = (
				195AEC8E2EBA6B8C00293041 /* TogethrUITests */,
			);
			name = TogethrUITests;
			packageProductDependencies = (
			);
			productName = TogethrUITests;
			productReference = 195AEC8B2EBA6B8C00293041 /* TogethrUITests.xctest */;
			productType = "com.apple.product-type.bundle.ui-testing";
		};
/* End PBXNativeTarget section */

/* Begin PBXProject section */
		195AEC6C2EBA6B8B00293041 /* Project object */ = {
			isa = PBXProject;
			attributes = {
				BuildIndependentTargetsInParallel = 1;
				LastSwiftUpdateCheck = 1640;
				LastUpgradeCheck = 1640;
				TargetAttributes = {
					195AEC732EBA6B8B00293041 = {
						CreatedOnToolsVersion = 16.4;
					};
					195AEC802EBA6B8C00293041 = {
						CreatedOnToolsVersion = 16.4;
						TestTargetID = 195AEC732EBA6B8B00293041;
					};
					195AEC8A2EBA6B8C00293041 = {
						CreatedOnToolsVersion = 16.4;
						TestTargetID = 195AEC732EBA6B8B00293041;
					};
				};
			};
			buildConfigurationList = 195AEC6F2EBA6B8B00293041 /* Build configuration list for PBXProject "Togethr" */;
			developmentRegion = en;
			hasScannedForEncodings = 0;
			knownRegions = (
				en,
				Base,
			);
			mainGroup = 195AEC6B2EBA6B8B00293041;
			minimizedProjectReferenceProxies = 1;
			preferredProjectObjectVersion = 77;
			productRefGroup = 195AEC752EBA6B8B00293041 /* Products */;
			projectDirPath = "";
			projectRoot = "";
			targets = (
				195AEC732EBA6B8B00293041 /* Togethr */,
				195AEC802EBA6B8C00293041 /* TogethrTests */,
				195AEC8A2EBA6B8C00293041 /* TogethrUITests */,
			);
		};
/* End PBXProject section */

/* Begin PBXResourcesBuildPhase section */
		195AEC722EBA6B8B00293041 /* Resources */ = {
			isa = PBXResourcesBuildPhase;
			buildActionMask = 2147483647;
			files = (
			);
			runOnlyForDeploymentPostprocessing = 0;
		};
		195AEC7F2EBA6B8C00293041 /* Resources */ = {
			isa = PBXResourcesBuildPhase;
			buildActionMask = 2147483647;
			files = (
			);
			runOnlyForDeploymentPostprocessing = 0;
		};
		195AEC892EBA6B8C00293041 /* Resources */ = {
			isa = PBXResourcesBuildPhase;
			buildActionMask = 2147483647;
			files = (
			);
			runOnlyForDeploymentPostprocessing = 0;
		};
/* End PBXResourcesBuildPhase section */

/* Begin PBXSourcesBuildPhase section */
		195AEC702EBA6B8B00293041 /* Sources */ = {
			isa = PBXSourcesBuildPhase;
			buildActionMask = 2147483647;
			files = (
			);
			runOnlyForDeploymentPostprocessing = 0;
		};
		195AEC7D2EBA6B8C00293041 /* Sources */ = {
			isa = PBXSourcesBuildPhase;
			buildActionMask = 2147483647;
			files = (
			);
			runOnlyForDeploymentPostprocessing = 0;
		};
		195AEC872EBA6B8C00293041 /* Sources */ = {
			isa = PBXSourcesBuildPhase;
			buildActionMask = 2147483647;
			files = (
			);
			runOnlyForDeploymentPostprocessing = 0;
		};
/* End PBXSourcesBuildPhase section */

/* Begin PBXTargetDependency section */
		195AEC832EBA6B8C00293041 /* PBXTargetDependency */ = {
			isa = PBXTargetDependency;
			target = 195AEC732EBA6B8B00293041 /* Togethr */;
			targetProxy = 195AEC822EBA6B8C00293041 /* PBXContainerItemProxy */;
		};
		195AEC8D2EBA6B8C00293041 /* PBXTargetDependency */ = {
			isa = PBXTargetDependency;
			target = 195AEC732EBA6B8B00293041 /* Togethr */;
			targetProxy = 195AEC8C2EBA6B8C00293041 /* PBXContainerItemProxy */;
		};
/* End PBXTargetDependency section */

/* Begin XCBuildConfiguration section */
		195AEC932EBA6B8C00293041 /* Debug */ = {
			isa = XCBuildConfiguration;
			buildSettings = {
				ALWAYS_SEARCH_USER_PATHS = NO;
				ASSETCATALOG_COMPILER_GENERATE_SWIFT_ASSET_SYMBOL_EXTENSIONS = YES;
				CLANG_ANALYZER_NONNULL = YES;
				CLANG_ANALYZER_NUMBER_OBJECT_CONVERSION = YES_AGGRESSIVE;
				CLANG_CXX_LANGUAGE_STANDARD = "gnu++20";
				CLANG_ENABLE_MODULES = YES;
				CLANG_ENABLE_OBJC_ARC = YES;
				CLANG_ENABLE_OBJC_WEAK = YES;
				CLANG_WARN_BLOCK_CAPTURE_AUTORELEASING = YES;
				CLANG_WARN_BOOL_CONVERSION = YES;
				CLANG_WARN_COMMA = YES;
				CLANG_WARN_CONSTANT_CONVERSION = YES;
				CLANG_WARN_DEPRECATED_OBJC_IMPLEMENTATIONS = YES;
				CLANG_WARN_DIRECT_OBJC_ISA_USAGE = YES_ERROR;
				CLANG_WARN_DOCUMENTATION_COMMENTS = YES;
				CLANG_WARN_EMPTY_BODY = YES;
				CLANG_WARN_ENUM_CONVERSION = YES;
				CLANG_WARN_INFINITE_RECURSION = YES;
				CLANG_WARN_INT_CONVERSION = YES;
				CLANG_WARN_NON_LITERAL_NULL_CONVERSION = YES;
				CLANG_WARN_OBJC_IMPLICIT_RETAIN_SELF = YES;
				CLANG_WARN_OBJC_LITERAL_CONVERSION = YES;
				CLANG_WARN_OBJC_ROOT_CLASS = YES_ERROR;
				CLANG_WARN_QUOTED_INCLUDE_IN_FRAMEWORK_HEADER = YES;
				CLANG_WARN_RANGE_LOOP_ANALYSIS = YES;
				CLANG_WARN_STRICT_PROTOTYPES = YES;
				CLANG_WARN_SUSPICIOUS_MOVE = YES;
				CLANG_WARN_UNGUARDED_AVAILABILITY = YES_AGGRESSIVE;
				CLANG_WARN_UNREACHABLE_CODE = YES;
				CLANG_WARN__DUPLICATE_METHOD_MATCH = YES;
				COPY_PHASE_STRIP = NO;
				DEBUG_INFORMATION_FORMAT = dwarf;
				ENABLE_STRICT_OBJC_MSGSEND = YES;
				ENABLE_TESTABILITY = YES;
				ENABLE_USER_SCRIPT_SANDBOXING = YES;
				GCC_C_LANGUAGE_STANDARD = gnu17;
				GCC_DYNAMIC_NO_PIC = NO;
				GCC_NO_COMMON_BLOCKS = YES;
				GCC_OPTIMIZATION_LEVEL = 0;
				GCC_PREPROCESSOR_DEFINITIONS = (
					"DEBUG=1",
					"$(inherited)",
				);
				GCC_WARN_64_TO_32_BIT_CONVERSION = YES;
				GCC_WARN_ABOUT_RETURN_TYPE = YES_ERROR;
				GCC_WARN_UNDECLARED_SELECTOR = YES;
				GCC_WARN_UNINITIALIZED_AUTOS = YES_AGGRESSIVE;
				GCC_WARN_UNUSED_FUNCTION = YES;
				GCC_WARN_UNUSED_VARIABLE = YES;
				IPHONEOS_DEPLOYMENT_TARGET = 18.5;
				LOCALIZATION_PREFERS_STRING_CATALOGS = YES;
				MTL_ENABLE_DEBUG_INFO = INCLUDE_SOURCE;
				MTL_FAST_MATH = YES;
				ONLY_ACTIVE_ARCH = YES;
				SDKROOT = iphoneos;
				SWIFT_ACTIVE_COMPILATION_CONDITIONS = "DEBUG $(inherited)";
				SWIFT_OPTIMIZATION_LEVEL = "-Onone";
			};
			name = Debug;
		};
		195AEC942EBA6B8C00293041 /* Release */ = {
			isa = XCBuildConfiguration;
			buildSettings = {
				ALWAYS_SEARCH_USER_PATHS = NO;
				ASSETCATALOG_COMPILER_GENERATE_SWIFT_ASSET_SYMBOL_EXTENSIONS = YES;
				CLANG_ANALYZER_NONNULL = YES;
				CLANG_ANALYZER_NUMBER_OBJECT_CONVERSION = YES_AGGRESSIVE;
				CLANG_CXX_LANGUAGE_STANDARD = "gnu++20";
				CLANG_ENABLE_MODULES = YES;
				CLANG_ENABLE_OBJC_ARC = YES;
				CLANG_ENABLE_OBJC_WEAK = YES;
				CLANG_WARN_BLOCK_CAPTURE_AUTORELEASING = YES;
				CLANG_WARN_BOOL_CONVERSION = YES;
				CLANG_WARN_COMMA = YES;
				CLANG_WARN_CONSTANT_CONVERSION = YES;
				CLANG_WARN_DEPRECATED_OBJC_IMPLEMENTATIONS = YES;
				CLANG_WARN_DIRECT_OBJC_ISA_USAGE = YES_ERROR;
				CLANG_WARN_DOCUMENTATION_COMMENTS = YES;
				CLANG_WARN_EMPTY_BODY = YES;
				CLANG_WARN_ENUM_CONVERSION = YES;
				CLANG_WARN_INFINITE_RECURSION = YES;
				CLANG_WARN_INT_CONVERSION = YES;
				CLANG_WARN_NON_LITERAL_NULL_CONVERSION = YES;
				CLANG_WARN_OBJC_IMPLICIT_RETAIN_SELF = YES;
				CLANG_WARN_OBJC_LITERAL_CONVERSION = YES;
				CLANG_WARN_OBJC_ROOT_CLASS = YES_ERROR;
				CLANG_WARN_QUOTED_INCLUDE_IN_FRAMEWORK_HEADER = YES;
				CLANG_WARN_RANGE_LOOP_ANALYSIS = YES;
				CLANG_WARN_STRICT_PROTOTYPES = YES;
				CLANG_WARN_SUSPICIOUS_MOVE = YES;
				CLANG_WARN_UNGUARDED_AVAILABILITY = YES_AGGRESSIVE;
				CLANG_WARN_UNREACHABLE_CODE = YES;
				CLANG_WARN__DUPLICATE_METHOD_MATCH = YES;
				COPY_PHASE_STRIP = NO;
				DEBUG_INFORMATION_FORMAT = "dwarf-with-dsym";
				ENABLE_NS_ASSERTIONS = NO;
				ENABLE_STRICT_OBJC_MSGSEND = YES;
				ENABLE_USER_SCRIPT_SANDBOXING = YES;
				GCC_C_LANGUAGE_STANDARD = gnu17;
				GCC_NO_COMMON_BLOCKS = YES;
				GCC_WARN_64_TO_32_BIT_CONVERSION = YES;
				GCC_WARN_ABOUT_RETURN_TYPE = YES_ERROR;
				GCC_WARN_UNDECLARED_SELECTOR = YES;
				GCC_WARN_UNINITIALIZED_AUTOS = YES_AGGRESSIVE;
				GCC_WARN_UNUSED_FUNCTION = YES;
				GCC_WARN_UNUSED_VARIABLE = YES;
				IPHONEOS_DEPLOYMENT_TARGET = 18.5;
				LOCALIZATION_PREFERS_STRING_CATALOGS = YES;
				MTL_ENABLE_DEBUG_INFO = NO;
				MTL_FAST_MATH = YES;
				SDKROOT = iphoneos;
				SWIFT_COMPILATION_MODE = wholemodule;
				VALIDATE_PRODUCT = YES;
			};
			name = Release;
		};
		195AEC962EBA6B8C00293041 /* Debug */ = {
			isa = XCBuildConfiguration;
			buildSettings = {
				ASSETCATALOG_COMPILER_APPICON_NAME = AppIcon;
				ASSETCATALOG_COMPILER_GLOBAL_ACCENT_COLOR_NAME = AccentColor;
				CODE_SIGN_STYLE = Automatic;
				CURRENT_PROJECT_VERSION = 1;
				DEVELOPMENT_TEAM = 5K8A88B54D;
				ENABLE_PREVIEWS = YES;
				GENERATE_INFOPLIST_FILE = YES;
				INFOPLIST_KEY_NSMicrophoneUsageDescription = "To record your questions for the 20 Questions game.";
				INFOPLIST_KEY_NSSpeechRecognitionUsageDescription = "To transcribe your spoken questions into text for the game log.";
				INFOPLIST_KEY_UIApplicationSceneManifest_Generation = YES;
				INFOPLIST_KEY_UIApplicationSupportsIndirectInputEvents = YES;
				INFOPLIST_KEY_UILaunchScreen_Generation = YES;
				INFOPLIST_KEY_UISupportedInterfaceOrientations_iPad = "UIInterfaceOrientationPortrait UIInterfaceOrientationPortraitUpsideDown UIInterfaceOrientationLandscapeLeft UIInterfaceOrientationLandscapeRight";
				INFOPLIST_KEY_UISupportedInterfaceOrientations_iPhone = "UIInterfaceOrientationPortrait UIInterfaceOrientationLandscapeLeft UIInterfaceOrientationLandscapeRight";
				LD_RUNPATH_SEARCH_PATHS = (
					"$(inherited)",
					"@executable_path/Frameworks",
				);
				MARKETING_VERSION = 1.0;
				PRODUCT_BUNDLE_IDENTIFIER = com.johncrawshaw.Togethr;
				PRODUCT_NAME = "$(TARGET_NAME)";
				SWIFT_EMIT_LOC_STRINGS = YES;
				SWIFT_VERSION = 5.0;
				TARGETED_DEVICE_FAMILY = "1,2";
			};
			name = Debug;
		};
		195AEC972EBA6B8C00293041 /* Release */ = {
			isa = XCBuildConfiguration;
			buildSettings = {
				ASSETCATALOG_COMPILER_APPICON_NAME = AppIcon;
				ASSETCATALOG_COMPILER_GLOBAL_ACCENT_COLOR_NAME = AccentColor;
				CODE_SIGN_STYLE = Automatic;
				CURRENT_PROJECT_VERSION = 1;
				DEVELOPMENT_TEAM = 5K8A88B54D;
				ENABLE_PREVIEWS = YES;
				GENERATE_INFOPLIST_FILE = YES;
				INFOPLIST_KEY_NSMicrophoneUsageDescription = "To record your questions for the 20 Questions game.";
				INFOPLIST_KEY_NSSpeechRecognitionUsageDescription = "To transcribe your spoken questions into text for the game log.";
				INFOPLIST_KEY_UIApplicationSceneManifest_Generation = YES;
				INFOPLIST_KEY_UIApplicationSupportsIndirectInputEvents = YES;
				INFOPLIST_KEY_UILaunchScreen_Generation = YES;
				INFOPLIST_KEY_UISupportedInterfaceOrientations_iPad = "UIInterfaceOrientationPortrait UIInterfaceOrientationPortraitUpsideDown UIInterfaceOrientationLandscapeLeft UIInterfaceOrientationLandscapeRight";
				INFOPLIST_KEY_UISupportedInterfaceOrientations_iPhone = "UIInterfaceOrientationPortrait UIInterfaceOrientationLandscapeLeft UIInterfaceOrientationLandscapeRight";
				LD_RUNPATH_SEARCH_PATHS = (
					"$(inherited)",
					"@executable_path/Frameworks",
				);
				MARKETING_VERSION = 1.0;
				PRODUCT_BUNDLE_IDENTIFIER = com.johncrawshaw.Togethr;
				PRODUCT_NAME = "$(TARGET_NAME)";
				SWIFT_EMIT_LOC_STRINGS = YES;
				SWIFT_VERSION = 5.0;
				TARGETED_DEVICE_FAMILY = "1,2";
			};
			name = Release;
		};
		195AEC992EBA6B8C00293041 /* Debug */ = {
			isa = XCBuildConfiguration;
			buildSettings = {
				BUNDLE_LOADER = "$(TEST_HOST)";
				CODE_SIGN_STYLE = Automatic;
				CURRENT_PROJECT_VERSION = 1;
				GENERATE_INFOPLIST_FILE = YES;
				IPHONEOS_DEPLOYMENT_TARGET = 18.5;
				MARKETING_VERSION = 1.0;
				PRODUCT_BUNDLE_IDENTIFIER = com.johncrawshaw.TogethrTests;
				PRODUCT_NAME = "$(TARGET_NAME)";
				SWIFT_EMIT_LOC_STRINGS = NO;
				SWIFT_VERSION = 5.0;
				TARGETED_DEVICE_FAMILY = "1,2";
				TEST_HOST = "$(BUILT_PRODUCTS_DIR)/Togethr.app/$(BUNDLE_EXECUTABLE_FOLDER_PATH)/Togethr";
			};
			name = Debug;
		};
		195AEC9A2EBA6B8C00293041 /* Release */ = {
			isa = XCBuildConfiguration;
			buildSettings = {
				BUNDLE_LOADER = "$(TEST_HOST)";
				CODE_SIGN_STYLE = Automatic;
				CURRENT_PROJECT_VERSION = 1;
				GENERATE_INFOPLIST_FILE = YES;
				IPHONEOS_DEPLOYMENT_TARGET = 18.5;
				MARKETING_VERSION = 1.0;
				PRODUCT_BUNDLE_IDENTIFIER = com.johncrawshaw.TogethrTests;
				PRODUCT_NAME = "$(TARGET_NAME)";
				SWIFT_EMIT_LOC_STRINGS = NO;
				SWIFT_VERSION = 5.0;
				TARGETED_DEVICE_FAMILY = "1,2";
				TEST_HOST = "$(BUILT_PRODUCTS_DIR)/Togethr.app/$(BUNDLE_EXECUTABLE_FOLDER_PATH)/Togethr";
			};
			name = Release;
		};
		195AEC9C2EBA6B8C00293041 /* Debug */ = {
			isa = XCBuildConfiguration;
			buildSettings = {
				CODE_SIGN_STYLE = Automatic;
				CURRENT_PROJECT_VERSION = 1;
				GENERATE_INFOPLIST_FILE = YES;
				MARKETING_VERSION = 1.0;
				PRODUCT_BUNDLE_IDENTIFIER = com.johncrawshaw.TogethrUITests;
				PRODUCT_NAME = "$(TARGET_NAME)";
				SWIFT_EMIT_LOC_STRINGS = NO;
				SWIFT_VERSION = 5.0;
				TARGETED_DEVICE_FAMILY = "1,2";
				TEST_TARGET_NAME = Togethr;
			};
			name = Debug;
		};
		195AEC9D2EBA6B8C00293041 /* Release */ = {
			isa = XCBuildConfiguration;
			buildSettings = {
				CODE_SIGN_STYLE = Automatic;
				CURRENT_PROJECT_VERSION = 1;
				GENERATE_INFOPLIST_FILE = YES;
				MARKETING_VERSION = 1.0;
				PRODUCT_BUNDLE_IDENTIFIER = com.johncrawshaw.TogethrUITests;
				PRODUCT_NAME = "$(TARGET_NAME)";
				SWIFT_EMIT_LOC_STRINGS = NO;
				SWIFT_VERSION = 5.0;
				TARGETED_DEVICE_FAMILY = "1,2";
				TEST_TARGET_NAME = Togethr;
			};
			name = Release;
		};
/* End XCBuildConfiguration section */

/* Begin XCConfigurationList section */
		195AEC6F2EBA6B8B00293041 /* Build configuration list for PBXProject "Togethr" */ = {
			isa = XCConfigurationList;
			buildConfigurations = (
				195AEC932EBA6B8C00293041 /* Debug */,
				195AEC942EBA6B8C00293041 /* Release */,
			);
			defaultConfigurationIsVisible = 0;
			defaultConfigurationName = Release;
		};
		195AEC952EBA6B8C00293041 /* Build configuration list for PBXNativeTarget "Togethr" */ = {
			isa = XCConfigurationList;
			buildConfigurations = (
				195AEC962EBA6B8C00293041 /* Debug */,
				195AEC972EBA6B8C00293041 /* Release */,
			);
			defaultConfigurationIsVisible = 0;
			defaultConfigurationName = Release;
		};
		195AEC982EBA6B8C00293041 /* Build configuration list for PBXNativeTarget "TogethrTests" */ = {
			isa = XCConfigurationList;
			buildConfigurations = (
				195AEC992EBA6B8C00293041 /* Debug */,
				195AEC9A2EBA6B8C00293041 /* Release */,
			);
			defaultConfigurationIsVisible = 0;
			defaultConfigurationName = Release;
		};
		195AEC9B2EBA6B8C00293041 /* Build configuration list for PBXNativeTarget "TogethrUITests" */ = {
			isa = XCConfigurationList;
			buildConfigurations = (
				195AEC9C2EBA6B8C00293041 /* Debug */,
				195AEC9D2EBA6B8C00293041 /* Release */,
			);
			defaultConfigurationIsVisible = 0;
			defaultConfigurationName = Release;
		};
/* End XCConfigurationList section */
	};
	rootObject = 195AEC6C2EBA6B8B00293041 /* Project object */;
}
